
Microsoft Visual Studio Solution File, Format Version 12.00
# Visual Studio Version 17
VisualStudioVersion = 17.3.32804.467
MinimumVisualStudioVersion = 10.0.40219.1
Project("{FAE04EC0-301F-11D3-BF4B-00C04F79EFBC}") = "YouOnlyLabelOnce", "YouOnlyLabelOnce\YouOnlyLabelOnce.csproj", "{7F4F4B85-42C5-4D2A-833D-5195E5974AE1}"
EndProject
Global
	GlobalSection(SolutionConfigurationPlatforms) = preSolution
		Debug|Any CPU = Debug|Any CPU
		Release|Any CPU = Release|Any CPU
	EndGlobalSection
	GlobalSection(ProjectConfigurationPlatforms) = postSolution
		{7F4F4B85-42C5-4D2A-833D-5195E5974AE1}.Debug|Any CPU.ActiveCfg = Debug|Any CPU
		{7F4F4B85-42C5-4D2A-833D-5195E5974AE1}.Debug|Any CPU.Build.0 = Debug|Any CPU
		{7F4F4B85-42C5-4D2A-833D-5195E5974AE1}.Release|Any CPU.ActiveCfg = Release|Any CPU
		{7F4F4B85-42C5-4D2A-833D-5195E5974AE1}.Release|Any CPU.Build.0 = Release|Any CPU
	EndGlobalSection
	GlobalSection(SolutionProperties) = preSolution
		HideSolutionNode = FALSE
	EndGlobalSection
	GlobalSection(ExtensibilityGlobals) = postSolution
		SolutionGuid = {C1E42208-6F6F-4D1D-8C7B-8373A1015665}
	EndGlobalSection
EndGlobal
